
Microsoft Visual Studio Solution File, Format Version 12.00
# Visual Studio Version 17
VisualStudioVersion = 17.12.35527.113
MinimumVisualStudioVersion = 10.0.40219.1
Project("{2150E333-8FDC-42A3-9474-1A3956D46DE8}") = "1.src", "1.src", "{E3CB1335-4A0F-4FF8-89EB-D96BAE2D647E}"
EndProject
Project("{2150E333-8FDC-42A3-9474-1A3956D46DE8}") = "1.modules", "1.modules", "{9BC55EFC-3D0E-4486-8B36-2F7C9A939BA7}"
EndProject
Project("{2150E333-8FDC-42A3-9474-1A3956D46DE8}") = "3.main", "3.main", "{B8AB9561-BADF-4EA6-A6C6-626BF0E3D1ED}"
EndProject
Project("{2150E333-8FDC-42A3-9474-1A3956D46DE8}") = "2.test", "2.test", "{BD2B68F3-793B-49E5-B55B-4AFC17DAC303}"
EndProject
Project("{2150E333-8FDC-42A3-9474-1A3956D46DE8}") = "3.others", "3.others", "{209D5656-9FAD-40F9-AAC5-A63E85C6E97F}"
EndProject
Project("{2150E333-8FDC-42A3-9474-1A3956D46DE8}") = "1.Rbac", "1.Rbac", "{B7641811-1DC6-48B0-817D-493001DD8F1A}"
EndProject
Project("{FAE04EC0-301F-11D3-BF4B-00C04F79EFBC}") = "XiHan.App.Rbac.Domain", "src\modules\XiHan.App.Rbac.Domain\XiHan.App.Rbac.Domain.csproj", "{B5A653CF-52E4-4E1A-BADA-9EC55BF000A5}"
EndProject
Project("{FAE04EC0-301F-11D3-BF4B-00C04F79EFBC}") = "XiHan.App.Rbac.Domain.Shared", "src\modules\XiHan.App.Rbac.Domain.Shared\XiHan.App.Rbac.Domain.Shared.csproj", "{44BFE39C-1B77-4402-A640-704B7CF828C2}"
EndProject
Project("{FAE04EC0-301F-11D3-BF4B-00C04F79EFBC}") = "XiHan.App.Rbac.Application.Contracts", "src\modules\XiHan.App.Rbac.Application.Contracts\XiHan.App.Rbac.Application.Contracts.csproj", "{595C585C-A206-43C3-9744-EF3DB07D95CD}"
EndProject
Project("{FAE04EC0-301F-11D3-BF4B-00C04F79EFBC}") = "XiHan.App.Rbac.Application", "src\modules\XiHan.App.Rbac.Application\XiHan.App.Rbac.Application.csproj", "{31EC4751-1D66-491D-BC63-34905F0A3242}"
EndProject
Project("{2150E333-8FDC-42A3-9474-1A3956D46DE8}") = "2.CodeGeneration", "2.CodeGeneration", "{C2855CAE-D2A5-4533-B035-D9F88E147B61}"
EndProject
Project("{FAE04EC0-301F-11D3-BF4B-00C04F79EFBC}") = "XiHan.App.CodeGeneration.Application", "src\modules\XiHan.App.CodeGeneration.Application\XiHan.App.CodeGeneration.Application.csproj", "{E1E6CE46-9CBB-4192-BD6E-456975A5D6CB}"
EndProject
Project("{FAE04EC0-301F-11D3-BF4B-00C04F79EFBC}") = "XiHan.App.CodeGeneration.Application.Contracts", "src\modules\XiHan.App.CodeGeneration.Application.Contracts\XiHan.App.CodeGeneration.Application.Contracts.csproj", "{827EA112-A13F-48F0-899F-49A38F99E040}"
EndProject
Project("{FAE04EC0-301F-11D3-BF4B-00C04F79EFBC}") = "XiHan.App.CodeGeneration.Domain", "src\modules\XiHan.App.CodeGeneration.Domain\XiHan.App.CodeGeneration.Domain.csproj", "{F4816B9D-6B8A-4FAE-A8C6-AC63B374099F}"
EndProject
Project("{FAE04EC0-301F-11D3-BF4B-00C04F79EFBC}") = "XiHan.App.CodeGeneration.Domain.Shared", "src\modules\XiHan.App.CodeGeneration.Domain.Shared\XiHan.App.CodeGeneration.Domain.Shared.csproj", "{4FC40DF5-0D0D-4F01-A9A5-9536FF991572}"
EndProject
Project("{FAE04EC0-301F-11D3-BF4B-00C04F79EFBC}") = "XiHan.App.Application", "src\main\XiHan.App.Application\XiHan.App.Application.csproj", "{141EC74F-64D1-49CB-88B1-406BFE6019B3}"
EndProject
Project("{FAE04EC0-301F-11D3-BF4B-00C04F79EFBC}") = "XiHan.App.Application.Contracts", "src\main\XiHan.App.Application.Contracts\XiHan.App.Application.Contracts.csproj", "{6500D6FC-BEE7-4586-BFA7-E055AC760421}"
EndProject
Project("{FAE04EC0-301F-11D3-BF4B-00C04F79EFBC}") = "XiHan.App.Domain", "src\main\XiHan.App.Domain\XiHan.App.Domain.csproj", "{3DBBB698-40B9-4AA9-B6E9-FF7945A156F3}"
EndProject
Project("{FAE04EC0-301F-11D3-BF4B-00C04F79EFBC}") = "XiHan.App.Domain.Shared", "src\main\XiHan.App.Domain.Shared\XiHan.App.Domain.Shared.csproj", "{328642B7-EDBC-4EE8-943B-C32637B67275}"
EndProject
Project("{FAE04EC0-301F-11D3-BF4B-00C04F79EFBC}") = "XiHan.App.WebHost", "src\main\XiHan.App.WebHost\XiHan.App.WebHost.csproj", "{0567BA28-8106-498A-91C7-866733C8162B}"
EndProject
Project("{2150E333-8FDC-42A3-9474-1A3956D46DE8}") = "2.business", "2.business", "{820EEF23-458F-4903-B310-81BD1ED08C22}"
EndProject
Global
	GlobalSection(SolutionConfigurationPlatforms) = preSolution
		Debug|Any CPU = Debug|Any CPU
		Release|Any CPU = Release|Any CPU
	EndGlobalSection
	GlobalSection(ProjectConfigurationPlatforms) = postSolution
		{B5A653CF-52E4-4E1A-BADA-9EC55BF000A5}.Debug|Any CPU.ActiveCfg = Debug|Any CPU
		{B5A653CF-52E4-4E1A-BADA-9EC55BF000A5}.Debug|Any CPU.Build.0 = Debug|Any CPU
		{B5A653CF-52E4-4E1A-BADA-9EC55BF000A5}.Release|Any CPU.ActiveCfg = Release|Any CPU
		{B5A653CF-52E4-4E1A-BADA-9EC55BF000A5}.Release|Any CPU.Build.0 = Release|Any CPU
		{44BFE39C-1B77-4402-A640-704B7CF828C2}.Debug|Any CPU.ActiveCfg = Debug|Any CPU
		{44BFE39C-1B77-4402-A640-704B7CF828C2}.Debug|Any CPU.Build.0 = Debug|Any CPU
		{44BFE39C-1B77-4402-A640-704B7CF828C2}.Release|Any CPU.ActiveCfg = Release|Any CPU
		{44BFE39C-1B77-4402-A640-704B7CF828C2}.Release|Any CPU.Build.0 = Release|Any CPU
		{595C585C-A206-43C3-9744-EF3DB07D95CD}.Debug|Any CPU.ActiveCfg = Debug|Any CPU
		{595C585C-A206-43C3-9744-EF3DB07D95CD}.Debug|Any CPU.Build.0 = Debug|Any CPU
		{595C585C-A206-43C3-9744-EF3DB07D95CD}.Release|Any CPU.ActiveCfg = Release|Any CPU
		{595C585C-A206-43C3-9744-EF3DB07D95CD}.Release|Any CPU.Build.0 = Release|Any CPU
		{31EC4751-1D66-491D-BC63-34905F0A3242}.Debug|Any CPU.ActiveCfg = Debug|Any CPU
		{31EC4751-1D66-491D-BC63-34905F0A3242}.Debug|Any CPU.Build.0 = Debug|Any CPU
		{31EC4751-1D66-491D-BC63-34905F0A3242}.Release|Any CPU.ActiveCfg = Release|Any CPU
		{31EC4751-1D66-491D-BC63-34905F0A3242}.Release|Any CPU.Build.0 = Release|Any CPU
		{E1E6CE46-9CBB-4192-BD6E-456975A5D6CB}.Debug|Any CPU.ActiveCfg = Debug|Any CPU
		{E1E6CE46-9CBB-4192-BD6E-456975A5D6CB}.Debug|Any CPU.Build.0 = Debug|Any CPU
		{E1E6CE46-9CBB-4192-BD6E-456975A5D6CB}.Release|Any CPU.ActiveCfg = Release|Any CPU
		{E1E6CE46-9CBB-4192-BD6E-456975A5D6CB}.Release|Any CPU.Build.0 = Release|Any CPU
		{827EA112-A13F-48F0-899F-49A38F99E040}.Debug|Any CPU.ActiveCfg = Debug|Any CPU
		{827EA112-A13F-48F0-899F-49A38F99E040}.Debug|Any CPU.Build.0 = Debug|Any CPU
		{827EA112-A13F-48F0-899F-49A38F99E040}.Release|Any CPU.ActiveCfg = Release|Any CPU
		{827EA112-A13F-48F0-899F-49A38F99E040}.Release|Any CPU.Build.0 = Release|Any CPU
		{F4816B9D-6B8A-4FAE-A8C6-AC63B374099F}.Debug|Any CPU.ActiveCfg = Debug|Any CPU
		{F4816B9D-6B8A-4FAE-A8C6-AC63B374099F}.Debug|Any CPU.Build.0 = Debug|Any CPU
		{F4816B9D-6B8A-4FAE-A8C6-AC63B374099F}.Release|Any CPU.ActiveCfg = Release|Any CPU
		{F4816B9D-6B8A-4FAE-A8C6-AC63B374099F}.Release|Any CPU.Build.0 = Release|Any CPU
		{4FC40DF5-0D0D-4F01-A9A5-9536FF991572}.Debug|Any CPU.ActiveCfg = Debug|Any CPU
		{4FC40DF5-0D0D-4F01-A9A5-9536FF991572}.Debug|Any CPU.Build.0 = Debug|Any CPU
		{4FC40DF5-0D0D-4F01-A9A5-9536FF991572}.Release|Any CPU.ActiveCfg = Release|Any CPU
		{4FC40DF5-0D0D-4F01-A9A5-9536FF991572}.Release|Any CPU.Build.0 = Release|Any CPU
		{141EC74F-64D1-49CB-88B1-406BFE6019B3}.Debug|Any CPU.ActiveCfg = Debug|Any CPU
		{141EC74F-64D1-49CB-88B1-406BFE6019B3}.Debug|Any CPU.Build.0 = Debug|Any CPU
		{141EC74F-64D1-49CB-88B1-406BFE6019B3}.Release|Any CPU.ActiveCfg = Release|Any CPU
		{141EC74F-64D1-49CB-88B1-406BFE6019B3}.Release|Any CPU.Build.0 = Release|Any CPU
		{6500D6FC-BEE7-4586-BFA7-E055AC760421}.Debug|Any CPU.ActiveCfg = Debug|Any CPU
		{6500D6FC-BEE7-4586-BFA7-E055AC760421}.Debug|Any CPU.Build.0 = Debug|Any CPU
		{6500D6FC-BEE7-4586-BFA7-E055AC760421}.Release|Any CPU.ActiveCfg = Release|Any CPU
		{6500D6FC-BEE7-4586-BFA7-E055AC760421}.Release|Any CPU.Build.0 = Release|Any CPU
		{3DBBB698-40B9-4AA9-B6E9-FF7945A156F3}.Debug|Any CPU.ActiveCfg = Debug|Any CPU
		{3DBBB698-40B9-4AA9-B6E9-FF7945A156F3}.Debug|Any CPU.Build.0 = Debug|Any CPU
		{3DBBB698-40B9-4AA9-B6E9-FF7945A156F3}.Release|Any CPU.ActiveCfg = Release|Any CPU
		{3DBBB698-40B9-4AA9-B6E9-FF7945A156F3}.Release|Any CPU.Build.0 = Release|Any CPU
		{328642B7-EDBC-4EE8-943B-C32637B67275}.Debug|Any CPU.ActiveCfg = Debug|Any CPU
		{328642B7-EDBC-4EE8-943B-C32637B67275}.Debug|Any CPU.Build.0 = Debug|Any CPU
		{328642B7-EDBC-4EE8-943B-C32637B67275}.Release|Any CPU.ActiveCfg = Release|Any CPU
		{328642B7-EDBC-4EE8-943B-C32637B67275}.Release|Any CPU.Build.0 = Release|Any CPU
		{0567BA28-8106-498A-91C7-866733C8162B}.Debug|Any CPU.ActiveCfg = Debug|Any CPU
		{0567BA28-8106-498A-91C7-866733C8162B}.Debug|Any CPU.Build.0 = Debug|Any CPU
		{0567BA28-8106-498A-91C7-866733C8162B}.Release|Any CPU.ActiveCfg = Release|Any CPU
		{0567BA28-8106-498A-91C7-866733C8162B}.Release|Any CPU.Build.0 = Release|Any CPU
	EndGlobalSection
	GlobalSection(SolutionProperties) = preSolution
		HideSolutionNode = FALSE
	EndGlobalSection
	GlobalSection(NestedProjects) = preSolution
		{9BC55EFC-3D0E-4486-8B36-2F7C9A939BA7} = {E3CB1335-4A0F-4FF8-89EB-D96BAE2D647E}
		{B8AB9561-BADF-4EA6-A6C6-626BF0E3D1ED} = {E3CB1335-4A0F-4FF8-89EB-D96BAE2D647E}
		{B7641811-1DC6-48B0-817D-493001DD8F1A} = {9BC55EFC-3D0E-4486-8B36-2F7C9A939BA7}
		{B5A653CF-52E4-4E1A-BADA-9EC55BF000A5} = {B7641811-1DC6-48B0-817D-493001DD8F1A}
		{44BFE39C-1B77-4402-A640-704B7CF828C2} = {B7641811-1DC6-48B0-817D-493001DD8F1A}
		{595C585C-A206-43C3-9744-EF3DB07D95CD} = {B7641811-1DC6-48B0-817D-493001DD8F1A}
		{31EC4751-1D66-491D-BC63-34905F0A3242} = {B7641811-1DC6-48B0-817D-493001DD8F1A}
		{C2855CAE-D2A5-4533-B035-D9F88E147B61} = {9BC55EFC-3D0E-4486-8B36-2F7C9A939BA7}
		{E1E6CE46-9CBB-4192-BD6E-456975A5D6CB} = {C2855CAE-D2A5-4533-B035-D9F88E147B61}
		{827EA112-A13F-48F0-899F-49A38F99E040} = {C2855CAE-D2A5-4533-B035-D9F88E147B61}
		{F4816B9D-6B8A-4FAE-A8C6-AC63B374099F} = {C2855CAE-D2A5-4533-B035-D9F88E147B61}
		{4FC40DF5-0D0D-4F01-A9A5-9536FF991572} = {C2855CAE-D2A5-4533-B035-D9F88E147B61}
		{141EC74F-64D1-49CB-88B1-406BFE6019B3} = {B8AB9561-BADF-4EA6-A6C6-626BF0E3D1ED}
		{6500D6FC-BEE7-4586-BFA7-E055AC760421} = {B8AB9561-BADF-4EA6-A6C6-626BF0E3D1ED}
		{3DBBB698-40B9-4AA9-B6E9-FF7945A156F3} = {B8AB9561-BADF-4EA6-A6C6-626BF0E3D1ED}
		{328642B7-EDBC-4EE8-943B-C32637B67275} = {B8AB9561-BADF-4EA6-A6C6-626BF0E3D1ED}
		{0567BA28-8106-498A-91C7-866733C8162B} = {B8AB9561-BADF-4EA6-A6C6-626BF0E3D1ED}
		{820EEF23-458F-4903-B310-81BD1ED08C22} = {E3CB1335-4A0F-4FF8-89EB-D96BAE2D647E}
	EndGlobalSection
EndGlobal
